
Microsoft Visual Studio Solution File, Format Version 12.00
# Visual Studio Version 16
VisualStudioVersion = 16.0.30517.126
MinimumVisualStudioVersion = 10.0.40219.1
Project("{9A19103F-16F7-4668-BE54-9A1E7A4F7556}") = "HuntTheWumpus", "HuntTheWumpus\HuntTheWumpus.csproj", "{475222A1-9C9A-4F48-A2C3-E578248710E5}"
EndProject
Project("{9A19103F-16F7-4668-BE54-9A1E7A4F7556}") = "Shop", "Shop\Shop.csproj", "{D7E14313-6797-4351-A9E7-293A964451D1}"
EndProject
Project("{9A19103F-16F7-4668-BE54-9A1E7A4F7556}") = "ClientForShop", "ClientForShop\ClientForShop.csproj", "{7A04189E-0C36-4FD3-BC8E-84DA772A3FD7}"
EndProject
Project("{FAE04EC0-301F-11D3-BF4B-00C04F79EFBC}") = "ShopModels", "ShopModels\ShopModels.csproj", "{F3448CC1-5B36-432B-A6EF-74F2A0886A93}"
EndProject
Global
	GlobalSection(SolutionConfigurationPlatforms) = preSolution
		Debug|Any CPU = Debug|Any CPU
		Release|Any CPU = Release|Any CPU
	EndGlobalSection
	GlobalSection(ProjectConfigurationPlatforms) = postSolution
		{475222A1-9C9A-4F48-A2C3-E578248710E5}.Debug|Any CPU.ActiveCfg = Debug|Any CPU
		{475222A1-9C9A-4F48-A2C3-E578248710E5}.Debug|Any CPU.Build.0 = Debug|Any CPU
		{475222A1-9C9A-4F48-A2C3-E578248710E5}.Release|Any CPU.ActiveCfg = Release|Any CPU
		{475222A1-9C9A-4F48-A2C3-E578248710E5}.Release|Any CPU.Build.0 = Release|Any CPU
		{D7E14313-6797-4351-A9E7-293A964451D1}.Debug|Any CPU.ActiveCfg = Debug|Any CPU
		{D7E14313-6797-4351-A9E7-293A964451D1}.Debug|Any CPU.Build.0 = Debug|Any CPU
		{D7E14313-6797-4351-A9E7-293A964451D1}.Release|Any CPU.ActiveCfg = Release|Any CPU
		{D7E14313-6797-4351-A9E7-293A964451D1}.Release|Any CPU.Build.0 = Release|Any CPU
		{7A04189E-0C36-4FD3-BC8E-84DA772A3FD7}.Debug|Any CPU.ActiveCfg = Debug|Any CPU
		{7A04189E-0C36-4FD3-BC8E-84DA772A3FD7}.Debug|Any CPU.Build.0 = Debug|Any CPU
		{7A04189E-0C36-4FD3-BC8E-84DA772A3FD7}.Release|Any CPU.ActiveCfg = Release|Any CPU
		{7A04189E-0C36-4FD3-BC8E-84DA772A3FD7}.Release|Any CPU.Build.0 = Release|Any CPU
		{F3448CC1-5B36-432B-A6EF-74F2A0886A93}.Debug|Any CPU.ActiveCfg = Debug|Any CPU
		{F3448CC1-5B36-432B-A6EF-74F2A0886A93}.Debug|Any CPU.Build.0 = Debug|Any CPU
		{F3448CC1-5B36-432B-A6EF-74F2A0886A93}.Release|Any CPU.ActiveCfg = Release|Any CPU
		{F3448CC1-5B36-432B-A6EF-74F2A0886A93}.Release|Any CPU.Build.0 = Release|Any CPU
	EndGlobalSection
	GlobalSection(SolutionProperties) = preSolution
		HideSolutionNode = FALSE
	EndGlobalSection
	GlobalSection(ExtensibilityGlobals) = postSolution
		SolutionGuid = {AFAAEB26-1E54-4599-9C16-68F37C7C56FE}
	EndGlobalSection
EndGlobal
